// !$*UTF8*$!
{
	archiveVersion = 1;
	classes = {
	};
	objectVersion = 50;
	objects = {

/* Begin PBXBuildFile section */
		115033CF251B0D7800BE811F /* AppDelegate.swift in Sources */ = {isa = PBXBuildFile; fileRef = 115033CE251B0D7800BE811F /* AppDelegate.swift */; };
		115033D3251B0D7800BE811F /* WalkthroughViewController.swift in Sources */ = {isa = PBXBuildFile; fileRef = 115033D2251B0D7800BE811F /* WalkthroughViewController.swift */; };
		115033D6251B0D7800BE811F /* Main.storyboard in Resources */ = {isa = PBXBuildFile; fileRef = 115033D4251B0D7800BE811F /* Main.storyboard */; };
		115033D8251B0D7A00BE811F /* Assets.xcassets in Resources */ = {isa = PBXBuildFile; fileRef = 115033D7251B0D7A00BE811F /* Assets.xcassets */; };
		115033DB251B0D7A00BE811F /* LaunchScreen.storyboard in Resources */ = {isa = PBXBuildFile; fileRef = 115033D9251B0D7A00BE811F /* LaunchScreen.storyboard */; };
		115033E4251B0F0000BE811F /* WalkthroughScroller.swift in Sources */ = {isa = PBXBuildFile; fileRef = 115033E3251B0F0000BE811F /* WalkthroughScroller.swift */; };
		115033E6251B28A100BE811F /* Extension+UIColor.swift in Sources */ = {isa = PBXBuildFile; fileRef = 115033E5251B28A100BE811F /* Extension+UIColor.swift */; };
		115033E8251B5FD100BE811F /* ViewController.swift in Sources */ = {isa = PBXBuildFile; fileRef = 115033E7251B5FD100BE811F /* ViewController.swift */; };
/* End PBXBuildFile section */

/* Begin PBXFileReference section */
		115033CB251B0D7800BE811F /* WalkthroughScroller.app */ = {isa = PBXFileReference; explicitFileType = wrapper.application; includeInIndex = 0; path = WalkthroughScroller.app; sourceTree = BUILT_PRODUCTS_DIR; };
		115033CE251B0D7800BE811F /* AppDelegate.swift */ = {isa = PBXFileReference; lastKnownFileType = sourcecode.swift; path = AppDelegate.swift; sourceTree = "<group>"; };
		115033D2251B0D7800BE811F /* WalkthroughViewController.swift */ = {isa = PBXFileReference; lastKnownFileType = sourcecode.swift; path = WalkthroughViewController.swift; sourceTree = "<group>"; };
		115033D5251B0D7800BE811F /* Base */ = {isa = PBXFileReference; lastKnownFileType = file.storyboard; name = Base; path = Base.lproj/Main.storyboard; sourceTree = "<group>"; };
		115033D7251B0D7A00BE811F /* Assets.xcassets */ = {isa = PBXFileReference; lastKnownFileType = folder.assetcatalog; path = Assets.xcassets; sourceTree = "<group>"; };
		115033DA251B0D7A00BE811F /* Base */ = {isa = PBXFileReference; lastKnownFileType = file.storyboard; name = Base; path = Base.lproj/LaunchScreen.storyboard; sourceTree = "<group>"; };
		115033DC251B0D7A00BE811F /* Info.plist */ = {isa = PBXFileReference; lastKnownFileType = text.plist.xml; path = Info.plist; sourceTree = "<group>"; };
		115033E3251B0F0000BE811F /* WalkthroughScroller.swift */ = {isa = PBXFileReference; lastKnownFileType = sourcecode.swift; path = WalkthroughScroller.swift; sourceTree = "<group>"; };
		115033E5251B28A100BE811F /* Extension+UIColor.swift */ = {isa = PBXFileReference; lastKnownFileType = sourcecode.swift; path = "Extension+UIColor.swift"; sourceTree = "<group>"; };
		115033E7251B5FD100BE811F /* ViewController.swift */ = {isa = PBXFileReference; lastKnownFileType = sourcecode.swift; path = ViewController.swift; sourceTree = "<group>"; };
/* End PBXFileReference section */

/* Begin PBXFrameworksBuildPhase section */
		115033C8251B0D7800BE811F /* Frameworks */ = {
			isa = PBXFrameworksBuildPhase;
			buildActionMask = 2147483647;
			files = (
			);
			runOnlyForDeploymentPostprocessing = 0;
		};
/* End PBXFrameworksBuildPhase section */

/* Begin PBXGroup section */
		115033C2251B0D7800BE811F = {
			isa = PBXGroup;
			children = (
				115033CD251B0D7800BE811F /* WalkthroughScroller */,
				115033CC251B0D7800BE811F /* Products */,
			);
			sourceTree = "<group>";
		};
		115033CC251B0D7800BE811F /* Products */ = {
			isa = PBXGroup;
			children = (
				115033CB251B0D7800BE811F /* WalkthroughScroller.app */,
			);
			name = Products;
			sourceTree = "<group>";
		};
		115033CD251B0D7800BE811F /* WalkthroughScroller */ = {
			isa = PBXGroup;
			children = (
				115033CE251B0D7800BE811F /* AppDelegate.swift */,
				115033D4251B0D7800BE811F /* Main.storyboard */,
				115033E7251B5FD100BE811F /* ViewController.swift */,
				115033E9251C766C00BE811F /* Utils */,
				115033E2251B0DAE00BE811F /* Support */,
				115033DC251B0D7A00BE811F /* Info.plist */,
			);
			path = WalkthroughScroller;
			sourceTree = "<group>";
		};
		115033E2251B0DAE00BE811F /* Support */ = {
			isa = PBXGroup;
			children = (
				115033D7251B0D7A00BE811F /* Assets.xcassets */,
				115033D9251B0D7A00BE811F /* LaunchScreen.storyboard */,
			);
			path = Support;
			sourceTree = "<group>";
		};
		115033E9251C766C00BE811F /* Utils */ = {
			isa = PBXGroup;
			children = (
				115033D2251B0D7800BE811F /* WalkthroughViewController.swift */,
				115033E3251B0F0000BE811F /* WalkthroughScroller.swift */,
				115033E5251B28A100BE811F /* Extension+UIColor.swift */,
			);
			path = Utils;
			sourceTree = "<group>";
		};
/* End PBXGroup section */

/* Begin PBXNativeTarget section */
		115033CA251B0D7800BE811F /* WalkthroughScroller */ = {
			isa = PBXNativeTarget;
			buildConfigurationList = 115033DF251B0D7A00BE811F /* Build configuration list for PBXNativeTarget "WalkthroughScroller" */;
			buildPhases = (
				115033C7251B0D7800BE811F /* Sources */,
				115033C8251B0D7800BE811F /* Frameworks */,
				115033C9251B0D7800BE811F /* Resources */,
			);
			buildRules = (
			);
			dependencies = (
			);
			name = WalkthroughScroller;
			productName = WalkthroughScroller;
			productReference = 115033CB251B0D7800BE811F /* WalkthroughScroller.app */;
			productType = "com.apple.product-type.application";
		};
/* End PBXNativeTarget section */

/* Begin PBXProject section */
		115033C3251B0D7800BE811F /* Project object */ = {
			isa = PBXProject;
			attributes = {
				LastSwiftUpdateCheck = 1160;
				LastUpgradeCheck = 1160;
				ORGANIZATIONNAME = "Sanchit Goel";
				TargetAttributes = {
					115033CA251B0D7800BE811F = {
						CreatedOnToolsVersion = 11.6;
					};
				};
			};
			buildConfigurationList = 115033C6251B0D7800BE811F /* Build configuration list for PBXProject "WalkthroughScroller" */;
			compatibilityVersion = "Xcode 9.3";
			developmentRegion = en;
			hasScannedForEncodings = 0;
			knownRegions = (
				en,
				Base,
			);
			mainGroup = 115033C2251B0D7800BE811F;
			productRefGroup = 115033CC251B0D7800BE811F /* Products */;
			projectDirPath = "";
			projectRoot = "";
			targets = (
				115033CA251B0D7800BE811F /* WalkthroughScroller */,
			);
		};
/* End PBXProject section */

/* Begin PBXResourcesBuildPhase section */
		115033C9251B0D7800BE811F /* Resources */ = {
			isa = PBXResourcesBuildPhase;
			buildActionMask = 2147483647;
			files = (
				115033DB251B0D7A00BE811F /* LaunchScreen.storyboard in Resources */,
				115033D8251B0D7A00BE811F /* Assets.xcassets in Resources */,
				115033D6251B0D7800BE811F /* Main.storyboard in Resources */,
			);
			runOnlyForDeploymentPostprocessing = 0;
		};
/* End PBXResourcesBuildPhase section */

/* Begin PBXSourcesBuildPhase section */
		115033C7251B0D7800BE811F /* Sources */ = {
			isa = PBXSourcesBuildPhase;
			buildActionMask = 2147483647;
			files = (
				115033E8251B5FD100BE811F /* ViewController.swift in Sources */,
				115033D3251B0D7800BE811F /* WalkthroughViewController.swift in Sources */,
				115033E4251B0F0000BE811F /* WalkthroughScroller.swift in Sources */,
				115033CF251B0D7800BE811F /* AppDelegate.swift in Sources */,
				115033E6251B28A100BE811F /* Extension+UIColor.swift in Sources */,
			);
			runOnlyForDeploymentPostprocessing = 0;
		};
/* End PBXSourcesBuildPhase section */

/* Begin PBXVariantGroup section */
		115033D4251B0D7800BE811F /* Main.storyboard */ = {
			isa = PBXVariantGroup;
			children = (
				115033D5251B0D7800BE811F /* Base */,
			);
			name = Main.storyboard;
			sourceTree = "<group>";
		};
		115033D9251B0D7A00BE811F /* LaunchScreen.storyboard */ = {
			isa = PBXVariantGroup;
			children = (
				115033DA251B0D7A00BE811F /* Base */,
			);
			name = LaunchScreen.storyboard;
			sourceTree = "<group>";
		};
/* End PBXVariantGroup section */

/* Begin XCBuildConfiguration section */
		115033DD251B0D7A00BE811F /* Debug */ = {
			isa = XCBuildConfiguration;
			buildSettings = {
				ALWAYS_SEARCH_USER_PATHS = NO;
				CLANG_ANALYZER_NONNULL = YES;
				CLANG_ANALYZER_NUMBER_OBJECT_CONVERSION = YES_AGGRESSIVE;
				CLANG_CXX_LANGUAGE_STANDARD = "gnu++14";
				CLANG_CXX_LIBRARY = "libc++";
				CLANG_ENABLE_MODULES = YES;
				CLANG_ENABLE_OBJC_ARC = YES;
				CLANG_ENABLE_OBJC_WEAK = YES;
				CLANG_WARN_BLOCK_CAPTURE_AUTORELEASING = YES;
				CLANG_WARN_BOOL_CONVERSION = YES;
				CLANG_WARN_COMMA = YES;
				CLANG_WARN_CONSTANT_CONVERSION = YES;
				CLANG_WARN_DEPRECATED_OBJC_IMPLEMENTATIONS = YES;
				CLANG_WARN_DIRECT_OBJC_ISA_USAGE = YES_ERROR;
				CLANG_WARN_DOCUMENTATION_COMMENTS = YES;
				CLANG_WARN_EMPTY_BODY = YES;
				CLANG_WARN_ENUM_CONVERSION = YES;
				CLANG_WARN_INFINITE_RECURSION = YES;
				CLANG_WARN_INT_CONVERSION = YES;
				CLANG_WARN_NON_LITERAL_NULL_CONVERSION = YES;
				CLANG_WARN_OBJC_IMPLICIT_RETAIN_SELF = YES;
				CLANG_WARN_OBJC_LITERAL_CONVERSION = YES;
				CLANG_WARN_OBJC_ROOT_CLASS = YES_ERROR;
				CLANG_WARN_RANGE_LOOP_ANALYSIS = YES;
				CLANG_WARN_STRICT_PROTOTYPES = YES;
				CLANG_WARN_SUSPICIOUS_MOVE = YES;
				CLANG_WARN_UNGUARDED_AVAILABILITY = YES_AGGRESSIVE;
				CLANG_WARN_UNREACHABLE_CODE = YES;
				CLANG_WARN__DUPLICATE_METHOD_MATCH = YES;
				COPY_PHASE_STRIP = NO;
				DEBUG_INFORMATION_FORMAT = dwarf;
				ENABLE_STRICT_OBJC_MSGSEND = YES;
				ENABLE_TESTABILITY = YES;
				GCC_C_LANGUAGE_STANDARD = gnu11;
				GCC_DYNAMIC_NO_PIC = NO;
				GCC_NO_COMMON_BLOCKS = YES;
				GCC_OPTIMIZATION_LEVEL = 0;
				GCC_PREPROCESSOR_DEFINITIONS = (
					"DEBUG=1",
					"$(inherited)",
				);
				GCC_WARN_64_TO_32_BIT_CONVERSION = YES;
				GCC_WARN_ABOUT_RETURN_TYPE = YES_ERROR;
				GCC_WARN_UNDECLARED_SELECTOR = YES;
				GCC_WARN_UNINITIALIZED_AUTOS = YES_AGGRESSIVE;
				GCC_WARN_UNUSED_FUNCTION = YES;
				GCC_WARN_UNUSED_VARIABLE = YES;
				IPHONEOS_DEPLOYMENT_TARGET = 13.6;
				MTL_ENABLE_DEBUG_INFO = INCLUDE_SOURCE;
				MTL_FAST_MATH = YES;
				ONLY_ACTIVE_ARCH = YES;
				SDKROOT = iphoneos;
				SWIFT_ACTIVE_COMPILATION_CONDITIONS = DEBUG;
				SWIFT_OPTIMIZATION_LEVEL = "-Onone";
			};
			name = Debug;
		};
		115033DE251B0D7A00BE811F /* Release */ = {
			isa = XCBuildConfiguration;
			buildSettings = {
				ALWAYS_SEARCH_USER_PATHS = NO;
				CLANG_ANALYZER_NONNULL = YES;
				CLANG_ANALYZER_NUMBER_OBJECT_CONVERSION = YES_AGGRESSIVE;
				CLANG_CXX_LANGUAGE_STANDARD = "gnu++14";
				CLANG_CXX_LIBRARY = "libc++";
				CLANG_ENABLE_MODULES = YES;
				CLANG_ENABLE_OBJC_ARC = YES;
				CLANG_ENABLE_OBJC_WEAK = YES;
				CLANG_WARN_BLOCK_CAPTURE_AUTORELEASING = YES;
				CLANG_WARN_BOOL_CONVERSION = YES;
				CLANG_WARN_COMMA = YES;
				CLANG_WARN_CONSTANT_CONVERSION = YES;
				CLANG_WARN_DEPRECATED_OBJC_IMPLEMENTATIONS = YES;
				CLANG_WARN_DIRECT_OBJC_ISA_USAGE = YES_ERROR;
				CLANG_WARN_DOCUMENTATION_COMMENTS = YES;
				CLANG_WARN_EMPTY_BODY = YES;
				CLANG_WARN_ENUM_CONVERSION = YES;
				CLANG_WARN_INFINITE_RECURSION = YES;
				CLANG_WARN_INT_CONVERSION = YES;
				CLANG_WARN_NON_LITERAL_NULL_CONVERSION = YES;
				CLANG_WARN_OBJC_IMPLICIT_RETAIN_SELF = YES;
				CLANG_WARN_OBJC_LITERAL_CONVERSION = YES;
				CLANG_WARN_OBJC_ROOT_CLASS = YES_ERROR;
				CLANG_WARN_RANGE_LOOP_ANALYSIS = YES;
				CLANG_WARN_STRICT_PROTOTYPES = YES;
				CLANG_WARN_SUSPICIOUS_MOVE = YES;
				CLANG_WARN_UNGUARDED_AVAILABILITY = YES_AGGRESSIVE;
				CLANG_WARN_UNREACHABLE_CODE = YES;
				CLANG_WARN__DUPLICATE_METHOD_MATCH = YES;
				COPY_PHASE_STRIP = NO;
				DEBUG_INFORMATION_FORMAT = "dwarf-with-dsym";
				ENABLE_NS_ASSERTIONS = NO;
				ENABLE_STRICT_OBJC_MSGSEND = YES;
				GCC_C_LANGUAGE_STANDARD = gnu11;
				GCC_NO_COMMON_BLOCKS = YES;
				GCC_WARN_64_TO_32_BIT_CONVERSION = YES;
				GCC_WARN_ABOUT_RETURN_TYPE = YES_ERROR;
				GCC_WARN_UNDECLARED_SELECTOR = YES;
				GCC_WARN_UNINITIALIZED_AUTOS = YES_AGGRESSIVE;
				GCC_WARN_UNUSED_FUNCTION = YES;
				GCC_WARN_UNUSED_VARIABLE = YES;
				IPHONEOS_DEPLOYMENT_TARGET = 13.6;
				MTL_ENABLE_DEBUG_INFO = NO;
				MTL_FAST_MATH = YES;
				SDKROOT = iphoneos;
				SWIFT_COMPILATION_MODE = wholemodule;
				SWIFT_OPTIMIZATION_LEVEL = "-O";
				VALIDATE_PRODUCT = YES;
			};
			name = Release;
		};
		115033E0251B0D7A00BE811F /* Debug */ = {
			isa = XCBuildConfiguration;
			buildSettings = {
				ASSETCATALOG_COMPILER_APPICON_NAME = AppIcon;
				CODE_SIGN_STYLE = Automatic;
				DEVELOPMENT_TEAM = XMT2EHZ7LF;
				INFOPLIST_FILE = WalkthroughScroller/Info.plist;
				IPHONEOS_DEPLOYMENT_TARGET = 11.0;
				LD_RUNPATH_SEARCH_PATHS = (
					"$(inherited)",
					"@executable_path/Frameworks",
				);
				PRODUCT_BUNDLE_IDENTIFIER = com.sanch.goel.WalkthroughScroller;
				PRODUCT_NAME = "$(TARGET_NAME)";
				SWIFT_VERSION = 5.0;
				TARGETED_DEVICE_FAMILY = 1;
			};
			name = Debug;
		};
		115033E1251B0D7A00BE811F /* Release */ = {
			isa = XCBuildConfiguration;
			buildSettings = {
				ASSETCATALOG_COMPILER_APPICON_NAME = AppIcon;
				CODE_SIGN_STYLE = Automatic;
				DEVELOPMENT_TEAM = XMT2EHZ7LF;
				INFOPLIST_FILE = WalkthroughScroller/Info.plist;
				IPHONEOS_DEPLOYMENT_TARGET = 11.0;
				LD_RUNPATH_SEARCH_PATHS = (
					"$(inherited)",
					"@executable_path/Frameworks",
				);
				PRODUCT_BUNDLE_IDENTIFIER = com.sanch.goel.WalkthroughScroller;
				PRODUCT_NAME = "$(TARGET_NAME)";
				SWIFT_VERSION = 5.0;
				TARGETED_DEVICE_FAMILY = 1;
			};
			name = Release;
		};
/* End XCBuildConfiguration section */

/* Begin XCConfigurationList section */
		115033C6251B0D7800BE811F /* Build configuration list for PBXProject "WalkthroughScroller" */ = {
			isa = XCConfigurationList;
			buildConfigurations = (
				115033DD251B0D7A00BE811F /* Debug */,
				115033DE251B0D7A00BE811F /* Release */,
			);
			defaultConfigurationIsVisible = 0;
			defaultConfigurationName = Release;
		};
		115033DF251B0D7A00BE811F /* Build configuration list for PBXNativeTarget "WalkthroughScroller" */ = {
			isa = XCConfigurationList;
			buildConfigurations = (
				115033E0251B0D7A00BE811F /* Debug */,
				115033E1251B0D7A00BE811F /* Release */,
			);
			defaultConfigurationIsVisible = 0;
			defaultConfigurationName = Release;
		};
/* End XCConfigurationList section */
	};
	rootObject = 115033C3251B0D7800BE811F /* Project object */;
}
